
Microsoft Visual Studio Solution File, Format Version 12.00
# Visual Studio Version 16
VisualStudioVersion = 16.0.30011.22
MinimumVisualStudioVersion = 10.0.40219.1
Project("{FAE04EC0-301F-11D3-BF4B-00C04F79EFBC}") = "OfficeInterceptor", "OfficeInterceptor\OfficeInterceptor.csproj", "{C8F08FBB-6588-4EDE-BA8E-C699E5F1E86C}"
EndProject
Project("{FAE04EC0-301F-11D3-BF4B-00C04F79EFBC}") = "Tester", "Tester\Tester.csproj", "{4F7F91A0-61BD-4E08-825F-CBEDBCE606D6}"
EndProject
Global
	GlobalSection(SolutionConfigurationPlatforms) = preSolution
		Debug|Any CPU = Debug|Any CPU
		Release|Any CPU = Release|Any CPU
	EndGlobalSection
	GlobalSection(ProjectConfigurationPlatforms) = postSolution
		{C8F08FBB-6588-4EDE-BA8E-C699E5F1E86C}.Debug|Any CPU.ActiveCfg = Debug|Any CPU
		{C8F08FBB-6588-4EDE-BA8E-C699E5F1E86C}.Debug|Any CPU.Build.0 = Debug|Any CPU
		{C8F08FBB-6588-4EDE-BA8E-C699E5F1E86C}.Release|Any CPU.ActiveCfg = Release|Any CPU
		{C8F08FBB-6588-4EDE-BA8E-C699E5F1E86C}.Release|Any CPU.Build.0 = Release|Any CPU
		{4F7F91A0-61BD-4E08-825F-CBEDBCE606D6}.Debug|Any CPU.ActiveCfg = Debug|Any CPU
		{4F7F91A0-61BD-4E08-825F-CBEDBCE606D6}.Debug|Any CPU.Build.0 = Debug|Any CPU
		{4F7F91A0-61BD-4E08-825F-CBEDBCE606D6}.Release|Any CPU.ActiveCfg = Release|Any CPU
		{4F7F91A0-61BD-4E08-825F-CBEDBCE606D6}.Release|Any CPU.Build.0 = Release|Any CPU
	EndGlobalSection
	GlobalSection(SolutionProperties) = preSolution
		HideSolutionNode = FALSE
	EndGlobalSection
	GlobalSection(ExtensibilityGlobals) = postSolution
		SolutionGuid = {854325B1-59E9-40A4-A441-9FFCDD526C6E}
	EndGlobalSection
EndGlobal
